
Microsoft Visual Studio Solution File, Format Version 12.00
# Visual Studio 14
VisualStudioVersion = 14.0.25123.0
MinimumVisualStudioVersion = 10.0.40219.1
Project("{2150E333-8FDC-42A3-9474-1A3956D46DE8}") = "Common", "Common", "{35589958-B23A-48E2-ADF5-59E492CA23DB}"
EndProject
Project("{FAE04EC0-301F-11D3-BF4B-00C04F79EFBC}") = "MLXamarin.Common", "MLXamarin.Common\MLXamarin.Common.csproj", "{0F286663-BECA-40F4-B010-760CE6C3ED9B}"
EndProject
Project("{FAE04EC0-301F-11D3-BF4B-00C04F79EFBC}") = "MLXamarin.Common.Android", "MLXamarin.Common.Android\MLXamarin.Common.Android.csproj", "{2B593F95-9A06-47AA-AEF8-AC146DBE39C5}"
EndProject
Project("{FAE04EC0-301F-11D3-BF4B-00C04F79EFBC}") = "MLXamarin.Common.iOS", "MLXamarin.Common.iOS\MLXamarin.Common.iOS.csproj", "{797108B2-4538-4B67-AC25-62BC0BB74F83}"
EndProject
Project("{2150E333-8FDC-42A3-9474-1A3956D46DE8}") = "Controls", "Controls", "{1538FEC3-E37E-4F88-B371-88EF7D92C836}"
EndProject
Project("{FAE04EC0-301F-11D3-BF4B-00C04F79EFBC}") = "MLXamarin.Controls.Android", "MLXamarin.Controls.Android\MLXamarin.Controls.Android.csproj", "{1FC799CE-F8F3-41A2-9BE3-2867A53477C7}"
EndProject
Project("{FAE04EC0-301F-11D3-BF4B-00C04F79EFBC}") = "MLXamarin.Controls.iOS", "MLXamarin.Controls.iOS\MLXamarin.Controls.iOS.csproj", "{4EEB28C4-470E-4BBF-846E-F9EF70B5D12C}"
EndProject
Project("{FAE04EC0-301F-11D3-BF4B-00C04F79EFBC}") = "MLXamarin.Controls", "MLXamarin.Controls\MLXamarin.Controls.csproj", "{EDFC6F80-993F-4143-9245-9ED3040ECF57}"
EndProject
Project("{2150E333-8FDC-42A3-9474-1A3956D46DE8}") = "Test", "Test", "{203CC1A5-DDD5-4C28-A2EE-BCF78149D97C}"
EndProject
Project("{FAE04EC0-301F-11D3-BF4B-00C04F79EFBC}") = "MLXamarin.Test.Droid", "MLXamarin.Test\MLXamarin.Test.Droid\MLXamarin.Test.Droid.csproj", "{771F1BA2-28C7-4E8F-A0B2-3FE490578664}"
EndProject
Project("{FAE04EC0-301F-11D3-BF4B-00C04F79EFBC}") = "MLXamarin.Test", "MLXamarin.Test\MLXamarin.Test\MLXamarin.Test.csproj", "{709D9989-4241-4BAA-B076-84829D9FB2F8}"
EndProject
Project("{FAE04EC0-301F-11D3-BF4B-00C04F79EFBC}") = "MLXamarin.Test.iOS", "MLXamarin.Test\MLXamarin.Test.iOS\MLXamarin.Test.iOS.csproj", "{5163C45E-5052-40DB-BD5B-DCEFF939F48B}"
EndProject
Project("{D954291E-2A0B-460D-934E-DC6B0785DB48}") = "MLXamarin.Common.Shared", "MLXamarin.Common.Shared\MLXamarin.Common.Shared.shproj", "{923CDE29-9DB1-49B5-B950-750F6595F179}"
EndProject
Global
	GlobalSection(SharedMSBuildProjectFiles) = preSolution
		MLXamarin.Common.Shared\MLXamarin.Common.Shared.projitems*{2b593f95-9a06-47aa-aef8-ac146dbe39c5}*SharedItemsImports = 4
		MLXamarin.Common.Shared\MLXamarin.Common.Shared.projitems*{797108b2-4538-4b67-ac25-62bc0bb74f83}*SharedItemsImports = 4
		MLXamarin.Common.Shared\MLXamarin.Common.Shared.projitems*{923cde29-9db1-49b5-b950-750f6595f179}*SharedItemsImports = 13
	EndGlobalSection
	GlobalSection(SolutionConfigurationPlatforms) = preSolution
		Ad-Hoc|Any CPU = Ad-Hoc|Any CPU
		Ad-Hoc|ARM = Ad-Hoc|ARM
		Ad-Hoc|iPhone = Ad-Hoc|iPhone
		Ad-Hoc|iPhoneSimulator = Ad-Hoc|iPhoneSimulator
		Ad-Hoc|x64 = Ad-Hoc|x64
		Ad-Hoc|x86 = Ad-Hoc|x86
		AppStore|Any CPU = AppStore|Any CPU
		AppStore|ARM = AppStore|ARM
		AppStore|iPhone = AppStore|iPhone
		AppStore|iPhoneSimulator = AppStore|iPhoneSimulator
		AppStore|x64 = AppStore|x64
		AppStore|x86 = AppStore|x86
		Debug|Any CPU = Debug|Any CPU
		Debug|ARM = Debug|ARM
		Debug|iPhone = Debug|iPhone
		Debug|iPhoneSimulator = Debug|iPhoneSimulator
		Debug|x64 = Debug|x64
		Debug|x86 = Debug|x86
		Release|Any CPU = Release|Any CPU
		Release|ARM = Release|ARM
		Release|iPhone = Release|iPhone
		Release|iPhoneSimulator = Release|iPhoneSimulator
		Release|x64 = Release|x64
		Release|x86 = Release|x86
	EndGlobalSection
	GlobalSection(ProjectConfigurationPlatforms) = postSolution
		{0F286663-BECA-40F4-B010-760CE6C3ED9B}.Ad-Hoc|Any CPU.ActiveCfg = Release|Any CPU
		{0F286663-BECA-40F4-B010-760CE6C3ED9B}.Ad-Hoc|Any CPU.Build.0 = Release|Any CPU
		{0F286663-BECA-40F4-B010-760CE6C3ED9B}.Ad-Hoc|ARM.ActiveCfg = Release|Any CPU
		{0F286663-BECA-40F4-B010-760CE6C3ED9B}.Ad-Hoc|ARM.Build.0 = Release|Any CPU
		{0F286663-BECA-40F4-B010-760CE6C3ED9B}.Ad-Hoc|iPhone.ActiveCfg = Release|Any CPU
		{0F286663-BECA-40F4-B010-760CE6C3ED9B}.Ad-Hoc|iPhone.Build.0 = Release|Any CPU
		{0F286663-BECA-40F4-B010-760CE6C3ED9B}.Ad-Hoc|iPhoneSimulator.ActiveCfg = Release|Any CPU
		{0F286663-BECA-40F4-B010-760CE6C3ED9B}.Ad-Hoc|iPhoneSimulator.Build.0 = Release|Any CPU
		{0F286663-BECA-40F4-B010-760CE6C3ED9B}.Ad-Hoc|x64.ActiveCfg = Release|Any CPU
		{0F286663-BECA-40F4-B010-760CE6C3ED9B}.Ad-Hoc|x64.Build.0 = Release|Any CPU
		{0F286663-BECA-40F4-B010-760CE6C3ED9B}.Ad-Hoc|x86.ActiveCfg = Release|Any CPU
		{0F286663-BECA-40F4-B010-760CE6C3ED9B}.Ad-Hoc|x86.Build.0 = Release|Any CPU
		{0F286663-BECA-40F4-B010-760CE6C3ED9B}.AppStore|Any CPU.ActiveCfg = Release|Any CPU
		{0F286663-BECA-40F4-B010-760CE6C3ED9B}.AppStore|Any CPU.Build.0 = Release|Any CPU
		{0F286663-BECA-40F4-B010-760CE6C3ED9B}.AppStore|ARM.ActiveCfg = Release|Any CPU
		{0F286663-BECA-40F4-B010-760CE6C3ED9B}.AppStore|ARM.Build.0 = Release|Any CPU
		{0F286663-BECA-40F4-B010-760CE6C3ED9B}.AppStore|iPhone.ActiveCfg = Release|Any CPU
		{0F286663-BECA-40F4-B010-760CE6C3ED9B}.AppStore|iPhone.Build.0 = Release|Any CPU
		{0F286663-BECA-40F4-B010-760CE6C3ED9B}.AppStore|iPhoneSimulator.ActiveCfg = Release|Any CPU
		{0F286663-BECA-40F4-B010-760CE6C3ED9B}.AppStore|iPhoneSimulator.Build.0 = Release|Any CPU
		{0F286663-BECA-40F4-B010-760CE6C3ED9B}.AppStore|x64.ActiveCfg = Release|Any CPU
		{0F286663-BECA-40F4-B010-760CE6C3ED9B}.AppStore|x64.Build.0 = Release|Any CPU
		{0F286663-BECA-40F4-B010-760CE6C3ED9B}.AppStore|x86.ActiveCfg = Release|Any CPU
		{0F286663-BECA-40F4-B010-760CE6C3ED9B}.AppStore|x86.Build.0 = Release|Any CPU
		{0F286663-BECA-40F4-B010-760CE6C3ED9B}.Debug|Any CPU.ActiveCfg = Debug|Any CPU
		{0F286663-BECA-40F4-B010-760CE6C3ED9B}.Debug|Any CPU.Build.0 = Debug|Any CPU
		{0F286663-BECA-40F4-B010-760CE6C3ED9B}.Debug|ARM.ActiveCfg = Debug|Any CPU
		{0F286663-BECA-40F4-B010-760CE6C3ED9B}.Debug|ARM.Build.0 = Debug|Any CPU
		{0F286663-BECA-40F4-B010-760CE6C3ED9B}.Debug|iPhone.ActiveCfg = Debug|Any CPU
		{0F286663-BECA-40F4-B010-760CE6C3ED9B}.Debug|iPhone.Build.0 = Debug|Any CPU
		{0F286663-BECA-40F4-B010-760CE6C3ED9B}.Debug|iPhoneSimulator.ActiveCfg = Debug|Any CPU
		{0F286663-BECA-40F4-B010-760CE6C3ED9B}.Debug|iPhoneSimulator.Build.0 = Debug|Any CPU
		{0F286663-BECA-40F4-B010-760CE6C3ED9B}.Debug|x64.ActiveCfg = Debug|Any CPU
		{0F286663-BECA-40F4-B010-760CE6C3ED9B}.Debug|x64.Build.0 = Debug|Any CPU
		{0F286663-BECA-40F4-B010-760CE6C3ED9B}.Debug|x86.ActiveCfg = Debug|Any CPU
		{0F286663-BECA-40F4-B010-760CE6C3ED9B}.Debug|x86.Build.0 = Debug|Any CPU
		{0F286663-BECA-40F4-B010-760CE6C3ED9B}.Release|Any CPU.ActiveCfg = Release|Any CPU
		{0F286663-BECA-40F4-B010-760CE6C3ED9B}.Release|Any CPU.Build.0 = Release|Any CPU
		{0F286663-BECA-40F4-B010-760CE6C3ED9B}.Release|ARM.ActiveCfg = Release|Any CPU
		{0F286663-BECA-40F4-B010-760CE6C3ED9B}.Release|ARM.Build.0 = Release|Any CPU
		{0F286663-BECA-40F4-B010-760CE6C3ED9B}.Release|iPhone.ActiveCfg = Release|Any CPU
		{0F286663-BECA-40F4-B010-760CE6C3ED9B}.Release|iPhone.Build.0 = Release|Any CPU
		{0F286663-BECA-40F4-B010-760CE6C3ED9B}.Release|iPhoneSimulator.ActiveCfg = Release|Any CPU
		{0F286663-BECA-40F4-B010-760CE6C3ED9B}.Release|iPhoneSimulator.Build.0 = Release|Any CPU
		{0F286663-BECA-40F4-B010-760CE6C3ED9B}.Release|x64.ActiveCfg = Release|Any CPU
		{0F286663-BECA-40F4-B010-760CE6C3ED9B}.Release|x64.Build.0 = Release|Any CPU
		{0F286663-BECA-40F4-B010-760CE6C3ED9B}.Release|x86.ActiveCfg = Release|Any CPU
		{0F286663-BECA-40F4-B010-760CE6C3ED9B}.Release|x86.Build.0 = Release|Any CPU
		{2B593F95-9A06-47AA-AEF8-AC146DBE39C5}.Ad-Hoc|Any CPU.ActiveCfg = Release|Any CPU
		{2B593F95-9A06-47AA-AEF8-AC146DBE39C5}.Ad-Hoc|Any CPU.Build.0 = Release|Any CPU
		{2B593F95-9A06-47AA-AEF8-AC146DBE39C5}.Ad-Hoc|ARM.ActiveCfg = Release|Any CPU
		{2B593F95-9A06-47AA-AEF8-AC146DBE39C5}.Ad-Hoc|ARM.Build.0 = Release|Any CPU
		{2B593F95-9A06-47AA-AEF8-AC146DBE39C5}.Ad-Hoc|iPhone.ActiveCfg = Release|Any CPU
		{2B593F95-9A06-47AA-AEF8-AC146DBE39C5}.Ad-Hoc|iPhone.Build.0 = Release|Any CPU
		{2B593F95-9A06-47AA-AEF8-AC146DBE39C5}.Ad-Hoc|iPhoneSimulator.ActiveCfg = Release|Any CPU
		{2B593F95-9A06-47AA-AEF8-AC146DBE39C5}.Ad-Hoc|iPhoneSimulator.Build.0 = Release|Any CPU
		{2B593F95-9A06-47AA-AEF8-AC146DBE39C5}.Ad-Hoc|x64.ActiveCfg = Release|Any CPU
		{2B593F95-9A06-47AA-AEF8-AC146DBE39C5}.Ad-Hoc|x64.Build.0 = Release|Any CPU
		{2B593F95-9A06-47AA-AEF8-AC146DBE39C5}.Ad-Hoc|x86.ActiveCfg = Release|Any CPU
		{2B593F95-9A06-47AA-AEF8-AC146DBE39C5}.Ad-Hoc|x86.Build.0 = Release|Any CPU
		{2B593F95-9A06-47AA-AEF8-AC146DBE39C5}.AppStore|Any CPU.ActiveCfg = Release|Any CPU
		{2B593F95-9A06-47AA-AEF8-AC146DBE39C5}.AppStore|Any CPU.Build.0 = Release|Any CPU
		{2B593F95-9A06-47AA-AEF8-AC146DBE39C5}.AppStore|ARM.ActiveCfg = Release|Any CPU
		{2B593F95-9A06-47AA-AEF8-AC146DBE39C5}.AppStore|ARM.Build.0 = Release|Any CPU
		{2B593F95-9A06-47AA-AEF8-AC146DBE39C5}.AppStore|iPhone.ActiveCfg = Release|Any CPU
		{2B593F95-9A06-47AA-AEF8-AC146DBE39C5}.AppStore|iPhone.Build.0 = Release|Any CPU
		{2B593F95-9A06-47AA-AEF8-AC146DBE39C5}.AppStore|iPhoneSimulator.ActiveCfg = Release|Any CPU
		{2B593F95-9A06-47AA-AEF8-AC146DBE39C5}.AppStore|iPhoneSimulator.Build.0 = Release|Any CPU
		{2B593F95-9A06-47AA-AEF8-AC146DBE39C5}.AppStore|x64.ActiveCfg = Release|Any CPU
		{2B593F95-9A06-47AA-AEF8-AC146DBE39C5}.AppStore|x64.Build.0 = Release|Any CPU
		{2B593F95-9A06-47AA-AEF8-AC146DBE39C5}.AppStore|x86.ActiveCfg = Release|Any CPU
		{2B593F95-9A06-47AA-AEF8-AC146DBE39C5}.AppStore|x86.Build.0 = Release|Any CPU
		{2B593F95-9A06-47AA-AEF8-AC146DBE39C5}.Debug|Any CPU.ActiveCfg = Debug|Any CPU
		{2B593F95-9A06-47AA-AEF8-AC146DBE39C5}.Debug|Any CPU.Build.0 = Debug|Any CPU
		{2B593F95-9A06-47AA-AEF8-AC146DBE39C5}.Debug|ARM.ActiveCfg = Debug|Any CPU
		{2B593F95-9A06-47AA-AEF8-AC146DBE39C5}.Debug|ARM.Build.0 = Debug|Any CPU
		{2B593F95-9A06-47AA-AEF8-AC146DBE39C5}.Debug|iPhone.ActiveCfg = Debug|Any CPU
		{2B593F95-9A06-47AA-AEF8-AC146DBE39C5}.Debug|iPhone.Build.0 = Debug|Any CPU
		{2B593F95-9A06-47AA-AEF8-AC146DBE39C5}.Debug|iPhoneSimulator.ActiveCfg = Debug|Any CPU
		{2B593F95-9A06-47AA-AEF8-AC146DBE39C5}.Debug|iPhoneSimulator.Build.0 = Debug|Any CPU
		{2B593F95-9A06-47AA-AEF8-AC146DBE39C5}.Debug|x64.ActiveCfg = Debug|Any CPU
		{2B593F95-9A06-47AA-AEF8-AC146DBE39C5}.Debug|x64.Build.0 = Debug|Any CPU
		{2B593F95-9A06-47AA-AEF8-AC146DBE39C5}.Debug|x86.ActiveCfg = Debug|Any CPU
		{2B593F95-9A06-47AA-AEF8-AC146DBE39C5}.Debug|x86.Build.0 = Debug|Any CPU
		{2B593F95-9A06-47AA-AEF8-AC146DBE39C5}.Release|Any CPU.ActiveCfg = Release|Any CPU
		{2B593F95-9A06-47AA-AEF8-AC146DBE39C5}.Release|Any CPU.Build.0 = Release|Any CPU
		{2B593F95-9A06-47AA-AEF8-AC146DBE39C5}.Release|ARM.ActiveCfg = Release|Any CPU
		{2B593F95-9A06-47AA-AEF8-AC146DBE39C5}.Release|ARM.Build.0 = Release|Any CPU
		{2B593F95-9A06-47AA-AEF8-AC146DBE39C5}.Release|iPhone.ActiveCfg = Release|Any CPU
		{2B593F95-9A06-47AA-AEF8-AC146DBE39C5}.Release|iPhone.Build.0 = Release|Any CPU
		{2B593F95-9A06-47AA-AEF8-AC146DBE39C5}.Release|iPhoneSimulator.ActiveCfg = Release|Any CPU
		{2B593F95-9A06-47AA-AEF8-AC146DBE39C5}.Release|iPhoneSimulator.Build.0 = Release|Any CPU
		{2B593F95-9A06-47AA-AEF8-AC146DBE39C5}.Release|x64.ActiveCfg = Release|Any CPU
		{2B593F95-9A06-47AA-AEF8-AC146DBE39C5}.Release|x64.Build.0 = Release|Any CPU
		{2B593F95-9A06-47AA-AEF8-AC146DBE39C5}.Release|x86.ActiveCfg = Release|Any CPU
		{2B593F95-9A06-47AA-AEF8-AC146DBE39C5}.Release|x86.Build.0 = Release|Any CPU
		{797108B2-4538-4B67-AC25-62BC0BB74F83}.Ad-Hoc|Any CPU.ActiveCfg = Release|Any CPU
		{797108B2-4538-4B67-AC25-62BC0BB74F83}.Ad-Hoc|Any CPU.Build.0 = Release|Any CPU
		{797108B2-4538-4B67-AC25-62BC0BB74F83}.Ad-Hoc|ARM.ActiveCfg = Release|Any CPU
		{797108B2-4538-4B67-AC25-62BC0BB74F83}.Ad-Hoc|ARM.Build.0 = Release|Any CPU
		{797108B2-4538-4B67-AC25-62BC0BB74F83}.Ad-Hoc|iPhone.ActiveCfg = Release|Any CPU
		{797108B2-4538-4B67-AC25-62BC0BB74F83}.Ad-Hoc|iPhone.Build.0 = Release|Any CPU
		{797108B2-4538-4B67-AC25-62BC0BB74F83}.Ad-Hoc|iPhoneSimulator.ActiveCfg = Release|Any CPU
		{797108B2-4538-4B67-AC25-62BC0BB74F83}.Ad-Hoc|iPhoneSimulator.Build.0 = Release|Any CPU
		{797108B2-4538-4B67-AC25-62BC0BB74F83}.Ad-Hoc|x64.ActiveCfg = Release|Any CPU
		{797108B2-4538-4B67-AC25-62BC0BB74F83}.Ad-Hoc|x64.Build.0 = Release|Any CPU
		{797108B2-4538-4B67-AC25-62BC0BB74F83}.Ad-Hoc|x86.ActiveCfg = Release|Any CPU
		{797108B2-4538-4B67-AC25-62BC0BB74F83}.Ad-Hoc|x86.Build.0 = Release|Any CPU
		{797108B2-4538-4B67-AC25-62BC0BB74F83}.AppStore|Any CPU.ActiveCfg = Release|Any CPU
		{797108B2-4538-4B67-AC25-62BC0BB74F83}.AppStore|Any CPU.Build.0 = Release|Any CPU
		{797108B2-4538-4B67-AC25-62BC0BB74F83}.AppStore|ARM.ActiveCfg = Release|Any CPU
		{797108B2-4538-4B67-AC25-62BC0BB74F83}.AppStore|ARM.Build.0 = Release|Any CPU
		{797108B2-4538-4B67-AC25-62BC0BB74F83}.AppStore|iPhone.ActiveCfg = Release|Any CPU
		{797108B2-4538-4B67-AC25-62BC0BB74F83}.AppStore|iPhone.Build.0 = Release|Any CPU
		{797108B2-4538-4B67-AC25-62BC0BB74F83}.AppStore|iPhoneSimulator.ActiveCfg = Release|Any CPU
		{797108B2-4538-4B67-AC25-62BC0BB74F83}.AppStore|iPhoneSimulator.Build.0 = Release|Any CPU
		{797108B2-4538-4B67-AC25-62BC0BB74F83}.AppStore|x64.ActiveCfg = Release|Any CPU
		{797108B2-4538-4B67-AC25-62BC0BB74F83}.AppStore|x64.Build.0 = Release|Any CPU
		{797108B2-4538-4B67-AC25-62BC0BB74F83}.AppStore|x86.ActiveCfg = Release|Any CPU
		{797108B2-4538-4B67-AC25-62BC0BB74F83}.AppStore|x86.Build.0 = Release|Any CPU
		{797108B2-4538-4B67-AC25-62BC0BB74F83}.Debug|Any CPU.ActiveCfg = Debug|Any CPU
		{797108B2-4538-4B67-AC25-62BC0BB74F83}.Debug|Any CPU.Build.0 = Debug|Any CPU
		{797108B2-4538-4B67-AC25-62BC0BB74F83}.Debug|ARM.ActiveCfg = Debug|Any CPU
		{797108B2-4538-4B67-AC25-62BC0BB74F83}.Debug|ARM.Build.0 = Debug|Any CPU
		{797108B2-4538-4B67-AC25-62BC0BB74F83}.Debug|iPhone.ActiveCfg = Debug|Any CPU
		{797108B2-4538-4B67-AC25-62BC0BB74F83}.Debug|iPhone.Build.0 = Debug|Any CPU
		{797108B2-4538-4B67-AC25-62BC0BB74F83}.Debug|iPhoneSimulator.ActiveCfg = Debug|Any CPU
		{797108B2-4538-4B67-AC25-62BC0BB74F83}.Debug|iPhoneSimulator.Build.0 = Debug|Any CPU
		{797108B2-4538-4B67-AC25-62BC0BB74F83}.Debug|x64.ActiveCfg = Debug|Any CPU
		{797108B2-4538-4B67-AC25-62BC0BB74F83}.Debug|x64.Build.0 = Debug|Any CPU
		{797108B2-4538-4B67-AC25-62BC0BB74F83}.Debug|x86.ActiveCfg = Debug|Any CPU
		{797108B2-4538-4B67-AC25-62BC0BB74F83}.Debug|x86.Build.0 = Debug|Any CPU
		{797108B2-4538-4B67-AC25-62BC0BB74F83}.Release|Any CPU.ActiveCfg = Release|Any CPU
		{797108B2-4538-4B67-AC25-62BC0BB74F83}.Release|Any CPU.Build.0 = Release|Any CPU
		{797108B2-4538-4B67-AC25-62BC0BB74F83}.Release|ARM.ActiveCfg = Release|Any CPU
		{797108B2-4538-4B67-AC25-62BC0BB74F83}.Release|ARM.Build.0 = Release|Any CPU
		{797108B2-4538-4B67-AC25-62BC0BB74F83}.Release|iPhone.ActiveCfg = Release|Any CPU
		{797108B2-4538-4B67-AC25-62BC0BB74F83}.Release|iPhone.Build.0 = Release|Any CPU
		{797108B2-4538-4B67-AC25-62BC0BB74F83}.Release|iPhoneSimulator.ActiveCfg = Release|Any CPU
		{797108B2-4538-4B67-AC25-62BC0BB74F83}.Release|iPhoneSimulator.Build.0 = Release|Any CPU
		{797108B2-4538-4B67-AC25-62BC0BB74F83}.Release|x64.ActiveCfg = Release|Any CPU
		{797108B2-4538-4B67-AC25-62BC0BB74F83}.Release|x64.Build.0 = Release|Any CPU
		{797108B2-4538-4B67-AC25-62BC0BB74F83}.Release|x86.ActiveCfg = Release|Any CPU
		{797108B2-4538-4B67-AC25-62BC0BB74F83}.Release|x86.Build.0 = Release|Any CPU
		{1FC799CE-F8F3-41A2-9BE3-2867A53477C7}.Ad-Hoc|Any CPU.ActiveCfg = Release|Any CPU
		{1FC799CE-F8F3-41A2-9BE3-2867A53477C7}.Ad-Hoc|Any CPU.Build.0 = Release|Any CPU
		{1FC799CE-F8F3-41A2-9BE3-2867A53477C7}.Ad-Hoc|ARM.ActiveCfg = Release|Any CPU
		{1FC799CE-F8F3-41A2-9BE3-2867A53477C7}.Ad-Hoc|ARM.Build.0 = Release|Any CPU
		{1FC799CE-F8F3-41A2-9BE3-2867A53477C7}.Ad-Hoc|iPhone.ActiveCfg = Release|Any CPU
		{1FC799CE-F8F3-41A2-9BE3-2867A53477C7}.Ad-Hoc|iPhone.Build.0 = Release|Any CPU
		{1FC799CE-F8F3-41A2-9BE3-2867A53477C7}.Ad-Hoc|iPhoneSimulator.ActiveCfg = Release|Any CPU
		{1FC799CE-F8F3-41A2-9BE3-2867A53477C7}.Ad-Hoc|iPhoneSimulator.Build.0 = Release|Any CPU
		{1FC799CE-F8F3-41A2-9BE3-2867A53477C7}.Ad-Hoc|x64.ActiveCfg = Release|Any CPU
		{1FC799CE-F8F3-41A2-9BE3-2867A53477C7}.Ad-Hoc|x64.Build.0 = Release|Any CPU
		{1FC799CE-F8F3-41A2-9BE3-2867A53477C7}.Ad-Hoc|x86.ActiveCfg = Release|Any CPU
		{1FC799CE-F8F3-41A2-9BE3-2867A53477C7}.Ad-Hoc|x86.Build.0 = Release|Any CPU
		{1FC799CE-F8F3-41A2-9BE3-2867A53477C7}.AppStore|Any CPU.ActiveCfg = Release|Any CPU
		{1FC799CE-F8F3-41A2-9BE3-2867A53477C7}.AppStore|Any CPU.Build.0 = Release|Any CPU
		{1FC799CE-F8F3-41A2-9BE3-2867A53477C7}.AppStore|ARM.ActiveCfg = Release|Any CPU
		{1FC799CE-F8F3-41A2-9BE3-2867A53477C7}.AppStore|ARM.Build.0 = Release|Any CPU
		{1FC799CE-F8F3-41A2-9BE3-2867A53477C7}.AppStore|iPhone.ActiveCfg = Release|Any CPU
		{1FC799CE-F8F3-41A2-9BE3-2867A53477C7}.AppStore|iPhone.Build.0 = Release|Any CPU
		{1FC799CE-F8F3-41A2-9BE3-2867A53477C7}.AppStore|iPhoneSimulator.ActiveCfg = Release|Any CPU
		{1FC799CE-F8F3-41A2-9BE3-2867A53477C7}.AppStore|iPhoneSimulator.Build.0 = Release|Any CPU
		{1FC799CE-F8F3-41A2-9BE3-2867A53477C7}.AppStore|x64.ActiveCfg = Release|Any CPU
		{1FC799CE-F8F3-41A2-9BE3-2867A53477C7}.AppStore|x64.Build.0 = Release|Any CPU
		{1FC799CE-F8F3-41A2-9BE3-2867A53477C7}.AppStore|x86.ActiveCfg = Release|Any CPU
		{1FC799CE-F8F3-41A2-9BE3-2867A53477C7}.AppStore|x86.Build.0 = Release|Any CPU
		{1FC799CE-F8F3-41A2-9BE3-2867A53477C7}.Debug|Any CPU.ActiveCfg = Debug|Any CPU
		{1FC799CE-F8F3-41A2-9BE3-2867A53477C7}.Debug|Any CPU.Build.0 = Debug|Any CPU
		{1FC799CE-F8F3-41A2-9BE3-2867A53477C7}.Debug|ARM.ActiveCfg = Debug|Any CPU
		{1FC799CE-F8F3-41A2-9BE3-2867A53477C7}.Debug|ARM.Build.0 = Debug|Any CPU
		{1FC799CE-F8F3-41A2-9BE3-2867A53477C7}.Debug|iPhone.ActiveCfg = Debug|Any CPU
		{1FC799CE-F8F3-41A2-9BE3-2867A53477C7}.Debug|iPhone.Build.0 = Debug|Any CPU
		{1FC799CE-F8F3-41A2-9BE3-2867A53477C7}.Debug|iPhoneSimulator.ActiveCfg = Debug|Any CPU
		{1FC799CE-F8F3-41A2-9BE3-2867A53477C7}.Debug|iPhoneSimulator.Build.0 = Debug|Any CPU
		{1FC799CE-F8F3-41A2-9BE3-2867A53477C7}.Debug|x64.ActiveCfg = Debug|Any CPU
		{1FC799CE-F8F3-41A2-9BE3-2867A53477C7}.Debug|x64.Build.0 = Debug|Any CPU
		{1FC799CE-F8F3-41A2-9BE3-2867A53477C7}.Debug|x86.ActiveCfg = Debug|Any CPU
		{1FC799CE-F8F3-41A2-9BE3-2867A53477C7}.Debug|x86.Build.0 = Debug|Any CPU
		{1FC799CE-F8F3-41A2-9BE3-2867A53477C7}.Release|Any CPU.ActiveCfg = Release|Any CPU
		{1FC799CE-F8F3-41A2-9BE3-2867A53477C7}.Release|Any CPU.Build.0 = Release|Any CPU
		{1FC799CE-F8F3-41A2-9BE3-2867A53477C7}.Release|ARM.ActiveCfg = Release|Any CPU
		{1FC799CE-F8F3-41A2-9BE3-2867A53477C7}.Release|ARM.Build.0 = Release|Any CPU
		{1FC799CE-F8F3-41A2-9BE3-2867A53477C7}.Release|iPhone.ActiveCfg = Release|Any CPU
		{1FC799CE-F8F3-41A2-9BE3-2867A53477C7}.Release|iPhone.Build.0 = Release|Any CPU
		{1FC799CE-F8F3-41A2-9BE3-2867A53477C7}.Release|iPhoneSimulator.ActiveCfg = Release|Any CPU
		{1FC799CE-F8F3-41A2-9BE3-2867A53477C7}.Release|iPhoneSimulator.Build.0 = Release|Any CPU
		{1FC799CE-F8F3-41A2-9BE3-2867A53477C7}.Release|x64.ActiveCfg = Release|Any CPU
		{1FC799CE-F8F3-41A2-9BE3-2867A53477C7}.Release|x64.Build.0 = Release|Any CPU
		{1FC799CE-F8F3-41A2-9BE3-2867A53477C7}.Release|x86.ActiveCfg = Release|Any CPU
		{1FC799CE-F8F3-41A2-9BE3-2867A53477C7}.Release|x86.Build.0 = Release|Any CPU
		{4EEB28C4-470E-4BBF-846E-F9EF70B5D12C}.Ad-Hoc|Any CPU.ActiveCfg = Release|Any CPU
		{4EEB28C4-470E-4BBF-846E-F9EF70B5D12C}.Ad-Hoc|Any CPU.Build.0 = Release|Any CPU
		{4EEB28C4-470E-4BBF-846E-F9EF70B5D12C}.Ad-Hoc|ARM.ActiveCfg = Release|Any CPU
		{4EEB28C4-470E-4BBF-846E-F9EF70B5D12C}.Ad-Hoc|ARM.Build.0 = Release|Any CPU
		{4EEB28C4-470E-4BBF-846E-F9EF70B5D12C}.Ad-Hoc|iPhone.ActiveCfg = Release|Any CPU
		{4EEB28C4-470E-4BBF-846E-F9EF70B5D12C}.Ad-Hoc|iPhone.Build.0 = Release|Any CPU
		{4EEB28C4-470E-4BBF-846E-F9EF70B5D12C}.Ad-Hoc|iPhoneSimulator.ActiveCfg = Release|Any CPU
		{4EEB28C4-470E-4BBF-846E-F9EF70B5D12C}.Ad-Hoc|iPhoneSimulator.Build.0 = Release|Any CPU
		{4EEB28C4-470E-4BBF-846E-F9EF70B5D12C}.Ad-Hoc|x64.ActiveCfg = Release|Any CPU
		{4EEB28C4-470E-4BBF-846E-F9EF70B5D12C}.Ad-Hoc|x64.Build.0 = Release|Any CPU
		{4EEB28C4-470E-4BBF-846E-F9EF70B5D12C}.Ad-Hoc|x86.ActiveCfg = Release|Any CPU
		{4EEB28C4-470E-4BBF-846E-F9EF70B5D12C}.Ad-Hoc|x86.Build.0 = Release|Any CPU
		{4EEB28C4-470E-4BBF-846E-F9EF70B5D12C}.AppStore|Any CPU.ActiveCfg = Release|Any CPU
		{4EEB28C4-470E-4BBF-846E-F9EF70B5D12C}.AppStore|Any CPU.Build.0 = Release|Any CPU
		{4EEB28C4-470E-4BBF-846E-F9EF70B5D12C}.AppStore|ARM.ActiveCfg = Release|Any CPU
		{4EEB28C4-470E-4BBF-846E-F9EF70B5D12C}.AppStore|ARM.Build.0 = Release|Any CPU
		{4EEB28C4-470E-4BBF-846E-F9EF70B5D12C}.AppStore|iPhone.ActiveCfg = Release|Any CPU
		{4EEB28C4-470E-4BBF-846E-F9EF70B5D12C}.AppStore|iPhone.Build.0 = Release|Any CPU
		{4EEB28C4-470E-4BBF-846E-F9EF70B5D12C}.AppStore|iPhoneSimulator.ActiveCfg = Release|Any CPU
		{4EEB28C4-470E-4BBF-846E-F9EF70B5D12C}.AppStore|iPhoneSimulator.Build.0 = Release|Any CPU
		{4EEB28C4-470E-4BBF-846E-F9EF70B5D12C}.AppStore|x64.ActiveCfg = Release|Any CPU
		{4EEB28C4-470E-4BBF-846E-F9EF70B5D12C}.AppStore|x64.Build.0 = Release|Any CPU
		{4EEB28C4-470E-4BBF-846E-F9EF70B5D12C}.AppStore|x86.ActiveCfg = Release|Any CPU
		{4EEB28C4-470E-4BBF-846E-F9EF70B5D12C}.AppStore|x86.Build.0 = Release|Any CPU
		{4EEB28C4-470E-4BBF-846E-F9EF70B5D12C}.Debug|Any CPU.ActiveCfg = Debug|Any CPU
		{4EEB28C4-470E-4BBF-846E-F9EF70B5D12C}.Debug|Any CPU.Build.0 = Debug|Any CPU
		{4EEB28C4-470E-4BBF-846E-F9EF70B5D12C}.Debug|ARM.ActiveCfg = Debug|Any CPU
		{4EEB28C4-470E-4BBF-846E-F9EF70B5D12C}.Debug|ARM.Build.0 = Debug|Any CPU
		{4EEB28C4-470E-4BBF-846E-F9EF70B5D12C}.Debug|iPhone.ActiveCfg = Debug|Any CPU
		{4EEB28C4-470E-4BBF-846E-F9EF70B5D12C}.Debug|iPhone.Build.0 = Debug|Any CPU
		{4EEB28C4-470E-4BBF-846E-F9EF70B5D12C}.Debug|iPhoneSimulator.ActiveCfg = Debug|Any CPU
		{4EEB28C4-470E-4BBF-846E-F9EF70B5D12C}.Debug|iPhoneSimulator.Build.0 = Debug|Any CPU
		{4EEB28C4-470E-4BBF-846E-F9EF70B5D12C}.Debug|x64.ActiveCfg = Debug|Any CPU
		{4EEB28C4-470E-4BBF-846E-F9EF70B5D12C}.Debug|x64.Build.0 = Debug|Any CPU
		{4EEB28C4-470E-4BBF-846E-F9EF70B5D12C}.Debug|x86.ActiveCfg = Debug|Any CPU
		{4EEB28C4-470E-4BBF-846E-F9EF70B5D12C}.Debug|x86.Build.0 = Debug|Any CPU
		{4EEB28C4-470E-4BBF-846E-F9EF70B5D12C}.Release|Any CPU.ActiveCfg = Release|Any CPU
		{4EEB28C4-470E-4BBF-846E-F9EF70B5D12C}.Release|Any CPU.Build.0 = Release|Any CPU
		{4EEB28C4-470E-4BBF-846E-F9EF70B5D12C}.Release|ARM.ActiveCfg = Release|Any CPU
		{4EEB28C4-470E-4BBF-846E-F9EF70B5D12C}.Release|ARM.Build.0 = Release|Any CPU
		{4EEB28C4-470E-4BBF-846E-F9EF70B5D12C}.Release|iPhone.ActiveCfg = Release|Any CPU
		{4EEB28C4-470E-4BBF-846E-F9EF70B5D12C}.Release|iPhone.Build.0 = Release|Any CPU
		{4EEB28C4-470E-4BBF-846E-F9EF70B5D12C}.Release|iPhoneSimulator.ActiveCfg = Release|Any CPU
		{4EEB28C4-470E-4BBF-846E-F9EF70B5D12C}.Release|iPhoneSimulator.Build.0 = Release|Any CPU
		{4EEB28C4-470E-4BBF-846E-F9EF70B5D12C}.Release|x64.ActiveCfg = Release|Any CPU
		{4EEB28C4-470E-4BBF-846E-F9EF70B5D12C}.Release|x64.Build.0 = Release|Any CPU
		{4EEB28C4-470E-4BBF-846E-F9EF70B5D12C}.Release|x86.ActiveCfg = Release|Any CPU
		{4EEB28C4-470E-4BBF-846E-F9EF70B5D12C}.Release|x86.Build.0 = Release|Any CPU
		{EDFC6F80-993F-4143-9245-9ED3040ECF57}.Ad-Hoc|Any CPU.ActiveCfg = Release|Any CPU
		{EDFC6F80-993F-4143-9245-9ED3040ECF57}.Ad-Hoc|Any CPU.Build.0 = Release|Any CPU
		{EDFC6F80-993F-4143-9245-9ED3040ECF57}.Ad-Hoc|ARM.ActiveCfg = Release|Any CPU
		{EDFC6F80-993F-4143-9245-9ED3040ECF57}.Ad-Hoc|ARM.Build.0 = Release|Any CPU
		{EDFC6F80-993F-4143-9245-9ED3040ECF57}.Ad-Hoc|iPhone.ActiveCfg = Release|Any CPU
		{EDFC6F80-993F-4143-9245-9ED3040ECF57}.Ad-Hoc|iPhone.Build.0 = Release|Any CPU
		{EDFC6F80-993F-4143-9245-9ED3040ECF57}.Ad-Hoc|iPhoneSimulator.ActiveCfg = Release|Any CPU
		{EDFC6F80-993F-4143-9245-9ED3040ECF57}.Ad-Hoc|iPhoneSimulator.Build.0 = Release|Any CPU
		{EDFC6F80-993F-4143-9245-9ED3040ECF57}.Ad-Hoc|x64.ActiveCfg = Release|Any CPU
		{EDFC6F80-993F-4143-9245-9ED3040ECF57}.Ad-Hoc|x64.Build.0 = Release|Any CPU
		{EDFC6F80-993F-4143-9245-9ED3040ECF57}.Ad-Hoc|x86.ActiveCfg = Release|Any CPU
		{EDFC6F80-993F-4143-9245-9ED3040ECF57}.Ad-Hoc|x86.Build.0 = Release|Any CPU
		{EDFC6F80-993F-4143-9245-9ED3040ECF57}.AppStore|Any CPU.ActiveCfg = Release|Any CPU
		{EDFC6F80-993F-4143-9245-9ED3040ECF57}.AppStore|Any CPU.Build.0 = Release|Any CPU
		{EDFC6F80-993F-4143-9245-9ED3040ECF57}.AppStore|ARM.ActiveCfg = Release|Any CPU
		{EDFC6F80-993F-4143-9245-9ED3040ECF57}.AppStore|ARM.Build.0 = Release|Any CPU
		{EDFC6F80-993F-4143-9245-9ED3040ECF57}.AppStore|iPhone.ActiveCfg = Release|Any CPU
		{EDFC6F80-993F-4143-9245-9ED3040ECF57}.AppStore|iPhone.Build.0 = Release|Any CPU
		{EDFC6F80-993F-4143-9245-9ED3040ECF57}.AppStore|iPhoneSimulator.ActiveCfg = Release|Any CPU
		{EDFC6F80-993F-4143-9245-9ED3040ECF57}.AppStore|iPhoneSimulator.Build.0 = Release|Any CPU
		{EDFC6F80-993F-4143-9245-9ED3040ECF57}.AppStore|x64.ActiveCfg = Release|Any CPU
		{EDFC6F80-993F-4143-9245-9ED3040ECF57}.AppStore|x64.Build.0 = Release|Any CPU
		{EDFC6F80-993F-4143-9245-9ED3040ECF57}.AppStore|x86.ActiveCfg = Release|Any CPU
		{EDFC6F80-993F-4143-9245-9ED3040ECF57}.AppStore|x86.Build.0 = Release|Any CPU
		{EDFC6F80-993F-4143-9245-9ED3040ECF57}.Debug|Any CPU.ActiveCfg = Debug|Any CPU
		{EDFC6F80-993F-4143-9245-9ED3040ECF57}.Debug|Any CPU.Build.0 = Debug|Any CPU
		{EDFC6F80-993F-4143-9245-9ED3040ECF57}.Debug|ARM.ActiveCfg = Debug|Any CPU
		{EDFC6F80-993F-4143-9245-9ED3040ECF57}.Debug|ARM.Build.0 = Debug|Any CPU
		{EDFC6F80-993F-4143-9245-9ED3040ECF57}.Debug|iPhone.ActiveCfg = Debug|Any CPU
		{EDFC6F80-993F-4143-9245-9ED3040ECF57}.Debug|iPhone.Build.0 = Debug|Any CPU
		{EDFC6F80-993F-4143-9245-9ED3040ECF57}.Debug|iPhoneSimulator.ActiveCfg = Debug|Any CPU
		{EDFC6F80-993F-4143-9245-9ED3040ECF57}.Debug|iPhoneSimulator.Build.0 = Debug|Any CPU
		{EDFC6F80-993F-4143-9245-9ED3040ECF57}.Debug|x64.ActiveCfg = Debug|Any CPU
		{EDFC6F80-993F-4143-9245-9ED3040ECF57}.Debug|x64.Build.0 = Debug|Any CPU
		{EDFC6F80-993F-4143-9245-9ED3040ECF57}.Debug|x86.ActiveCfg = Debug|Any CPU
		{EDFC6F80-993F-4143-9245-9ED3040ECF57}.Debug|x86.Build.0 = Debug|Any CPU
		{EDFC6F80-993F-4143-9245-9ED3040ECF57}.Release|Any CPU.ActiveCfg = Release|Any CPU
		{EDFC6F80-993F-4143-9245-9ED3040ECF57}.Release|Any CPU.Build.0 = Release|Any CPU
		{EDFC6F80-993F-4143-9245-9ED3040ECF57}.Release|ARM.ActiveCfg = Release|Any CPU
		{EDFC6F80-993F-4143-9245-9ED3040ECF57}.Release|ARM.Build.0 = Release|Any CPU
		{EDFC6F80-993F-4143-9245-9ED3040ECF57}.Release|iPhone.ActiveCfg = Release|Any CPU
		{EDFC6F80-993F-4143-9245-9ED3040ECF57}.Release|iPhone.Build.0 = Release|Any CPU
		{EDFC6F80-993F-4143-9245-9ED3040ECF57}.Release|iPhoneSimulator.ActiveCfg = Release|Any CPU
		{EDFC6F80-993F-4143-9245-9ED3040ECF57}.Release|iPhoneSimulator.Build.0 = Release|Any CPU
		{EDFC6F80-993F-4143-9245-9ED3040ECF57}.Release|x64.ActiveCfg = Release|Any CPU
		{EDFC6F80-993F-4143-9245-9ED3040ECF57}.Release|x64.Build.0 = Release|Any CPU
		{EDFC6F80-993F-4143-9245-9ED3040ECF57}.Release|x86.ActiveCfg = Release|Any CPU
		{EDFC6F80-993F-4143-9245-9ED3040ECF57}.Release|x86.Build.0 = Release|Any CPU
		{771F1BA2-28C7-4E8F-A0B2-3FE490578664}.Ad-Hoc|Any CPU.ActiveCfg = Release|Any CPU
		{771F1BA2-28C7-4E8F-A0B2-3FE490578664}.Ad-Hoc|Any CPU.Build.0 = Release|Any CPU
		{771F1BA2-28C7-4E8F-A0B2-3FE490578664}.Ad-Hoc|Any CPU.Deploy.0 = Release|Any CPU
		{771F1BA2-28C7-4E8F-A0B2-3FE490578664}.Ad-Hoc|ARM.ActiveCfg = Release|Any CPU
		{771F1BA2-28C7-4E8F-A0B2-3FE490578664}.Ad-Hoc|ARM.Build.0 = Release|Any CPU
		{771F1BA2-28C7-4E8F-A0B2-3FE490578664}.Ad-Hoc|ARM.Deploy.0 = Release|Any CPU
		{771F1BA2-28C7-4E8F-A0B2-3FE490578664}.Ad-Hoc|iPhone.ActiveCfg = Release|Any CPU
		{771F1BA2-28C7-4E8F-A0B2-3FE490578664}.Ad-Hoc|iPhone.Build.0 = Release|Any CPU
		{771F1BA2-28C7-4E8F-A0B2-3FE490578664}.Ad-Hoc|iPhone.Deploy.0 = Release|Any CPU
		{771F1BA2-28C7-4E8F-A0B2-3FE490578664}.Ad-Hoc|iPhoneSimulator.ActiveCfg = Release|Any CPU
		{771F1BA2-28C7-4E8F-A0B2-3FE490578664}.Ad-Hoc|iPhoneSimulator.Build.0 = Release|Any CPU
		{771F1BA2-28C7-4E8F-A0B2-3FE490578664}.Ad-Hoc|iPhoneSimulator.Deploy.0 = Release|Any CPU
		{771F1BA2-28C7-4E8F-A0B2-3FE490578664}.Ad-Hoc|x64.ActiveCfg = Release|Any CPU
		{771F1BA2-28C7-4E8F-A0B2-3FE490578664}.Ad-Hoc|x64.Build.0 = Release|Any CPU
		{771F1BA2-28C7-4E8F-A0B2-3FE490578664}.Ad-Hoc|x64.Deploy.0 = Release|Any CPU
		{771F1BA2-28C7-4E8F-A0B2-3FE490578664}.Ad-Hoc|x86.ActiveCfg = Release|Any CPU
		{771F1BA2-28C7-4E8F-A0B2-3FE490578664}.Ad-Hoc|x86.Build.0 = Release|Any CPU
		{771F1BA2-28C7-4E8F-A0B2-3FE490578664}.Ad-Hoc|x86.Deploy.0 = Release|Any CPU
		{771F1BA2-28C7-4E8F-A0B2-3FE490578664}.AppStore|Any CPU.ActiveCfg = Release|Any CPU
		{771F1BA2-28C7-4E8F-A0B2-3FE490578664}.AppStore|Any CPU.Build.0 = Release|Any CPU
		{771F1BA2-28C7-4E8F-A0B2-3FE490578664}.AppStore|Any CPU.Deploy.0 = Release|Any CPU
		{771F1BA2-28C7-4E8F-A0B2-3FE490578664}.AppStore|ARM.ActiveCfg = Release|Any CPU
		{771F1BA2-28C7-4E8F-A0B2-3FE490578664}.AppStore|ARM.Build.0 = Release|Any CPU
		{771F1BA2-28C7-4E8F-A0B2-3FE490578664}.AppStore|ARM.Deploy.0 = Release|Any CPU
		{771F1BA2-28C7-4E8F-A0B2-3FE490578664}.AppStore|iPhone.ActiveCfg = Release|Any CPU
		{771F1BA2-28C7-4E8F-A0B2-3FE490578664}.AppStore|iPhone.Build.0 = Release|Any CPU
		{771F1BA2-28C7-4E8F-A0B2-3FE490578664}.AppStore|iPhone.Deploy.0 = Release|Any CPU
		{771F1BA2-28C7-4E8F-A0B2-3FE490578664}.AppStore|iPhoneSimulator.ActiveCfg = Release|Any CPU
		{771F1BA2-28C7-4E8F-A0B2-3FE490578664}.AppStore|iPhoneSimulator.Build.0 = Release|Any CPU
		{771F1BA2-28C7-4E8F-A0B2-3FE490578664}.AppStore|iPhoneSimulator.Deploy.0 = Release|Any CPU
		{771F1BA2-28C7-4E8F-A0B2-3FE490578664}.AppStore|x64.ActiveCfg = Release|Any CPU
		{771F1BA2-28C7-4E8F-A0B2-3FE490578664}.AppStore|x64.Build.0 = Release|Any CPU
		{771F1BA2-28C7-4E8F-A0B2-3FE490578664}.AppStore|x64.Deploy.0 = Release|Any CPU
		{771F1BA2-28C7-4E8F-A0B2-3FE490578664}.AppStore|x86.ActiveCfg = Release|Any CPU
		{771F1BA2-28C7-4E8F-A0B2-3FE490578664}.AppStore|x86.Build.0 = Release|Any CPU
		{771F1BA2-28C7-4E8F-A0B2-3FE490578664}.AppStore|x86.Deploy.0 = Release|Any CPU
		{771F1BA2-28C7-4E8F-A0B2-3FE490578664}.Debug|Any CPU.ActiveCfg = Debug|Any CPU
		{771F1BA2-28C7-4E8F-A0B2-3FE490578664}.Debug|Any CPU.Build.0 = Debug|Any CPU
		{771F1BA2-28C7-4E8F-A0B2-3FE490578664}.Debug|Any CPU.Deploy.0 = Debug|Any CPU
		{771F1BA2-28C7-4E8F-A0B2-3FE490578664}.Debug|ARM.ActiveCfg = Debug|Any CPU
		{771F1BA2-28C7-4E8F-A0B2-3FE490578664}.Debug|ARM.Build.0 = Debug|Any CPU
		{771F1BA2-28C7-4E8F-A0B2-3FE490578664}.Debug|ARM.Deploy.0 = Debug|Any CPU
		{771F1BA2-28C7-4E8F-A0B2-3FE490578664}.Debug|iPhone.ActiveCfg = Debug|Any CPU
		{771F1BA2-28C7-4E8F-A0B2-3FE490578664}.Debug|iPhone.Build.0 = Debug|Any CPU
		{771F1BA2-28C7-4E8F-A0B2-3FE490578664}.Debug|iPhone.Deploy.0 = Debug|Any CPU
		{771F1BA2-28C7-4E8F-A0B2-3FE490578664}.Debug|iPhoneSimulator.ActiveCfg = Debug|Any CPU
		{771F1BA2-28C7-4E8F-A0B2-3FE490578664}.Debug|iPhoneSimulator.Build.0 = Debug|Any CPU
		{771F1BA2-28C7-4E8F-A0B2-3FE490578664}.Debug|iPhoneSimulator.Deploy.0 = Debug|Any CPU
		{771F1BA2-28C7-4E8F-A0B2-3FE490578664}.Debug|x64.ActiveCfg = Debug|Any CPU
		{771F1BA2-28C7-4E8F-A0B2-3FE490578664}.Debug|x64.Build.0 = Debug|Any CPU
		{771F1BA2-28C7-4E8F-A0B2-3FE490578664}.Debug|x64.Deploy.0 = Debug|Any CPU
		{771F1BA2-28C7-4E8F-A0B2-3FE490578664}.Debug|x86.ActiveCfg = Debug|Any CPU
		{771F1BA2-28C7-4E8F-A0B2-3FE490578664}.Debug|x86.Build.0 = Debug|Any CPU
		{771F1BA2-28C7-4E8F-A0B2-3FE490578664}.Debug|x86.Deploy.0 = Debug|Any CPU
		{771F1BA2-28C7-4E8F-A0B2-3FE490578664}.Release|Any CPU.ActiveCfg = Release|Any CPU
		{771F1BA2-28C7-4E8F-A0B2-3FE490578664}.Release|Any CPU.Build.0 = Release|Any CPU
		{771F1BA2-28C7-4E8F-A0B2-3FE490578664}.Release|Any CPU.Deploy.0 = Release|Any CPU
		{771F1BA2-28C7-4E8F-A0B2-3FE490578664}.Release|ARM.ActiveCfg = Release|Any CPU
		{771F1BA2-28C7-4E8F-A0B2-3FE490578664}.Release|ARM.Build.0 = Release|Any CPU
		{771F1BA2-28C7-4E8F-A0B2-3FE490578664}.Release|ARM.Deploy.0 = Release|Any CPU
		{771F1BA2-28C7-4E8F-A0B2-3FE490578664}.Release|iPhone.ActiveCfg = Release|Any CPU
		{771F1BA2-28C7-4E8F-A0B2-3FE490578664}.Release|iPhone.Build.0 = Release|Any CPU
		{771F1BA2-28C7-4E8F-A0B2-3FE490578664}.Release|iPhone.Deploy.0 = Release|Any CPU
		{771F1BA2-28C7-4E8F-A0B2-3FE490578664}.Release|iPhoneSimulator.ActiveCfg = Release|Any CPU
		{771F1BA2-28C7-4E8F-A0B2-3FE490578664}.Release|iPhoneSimulator.Build.0 = Release|Any CPU
		{771F1BA2-28C7-4E8F-A0B2-3FE490578664}.Release|iPhoneSimulator.Deploy.0 = Release|Any CPU
		{771F1BA2-28C7-4E8F-A0B2-3FE490578664}.Release|x64.ActiveCfg = Release|Any CPU
		{771F1BA2-28C7-4E8F-A0B2-3FE490578664}.Release|x64.Build.0 = Release|Any CPU
		{771F1BA2-28C7-4E8F-A0B2-3FE490578664}.Release|x64.Deploy.0 = Release|Any CPU
		{771F1BA2-28C7-4E8F-A0B2-3FE490578664}.Release|x86.ActiveCfg = Release|Any CPU
		{771F1BA2-28C7-4E8F-A0B2-3FE490578664}.Release|x86.Build.0 = Release|Any CPU
		{771F1BA2-28C7-4E8F-A0B2-3FE490578664}.Release|x86.Deploy.0 = Release|Any CPU
		{709D9989-4241-4BAA-B076-84829D9FB2F8}.Ad-Hoc|Any CPU.ActiveCfg = Release|Any CPU
		{709D9989-4241-4BAA-B076-84829D9FB2F8}.Ad-Hoc|Any CPU.Build.0 = Release|Any CPU
		{709D9989-4241-4BAA-B076-84829D9FB2F8}.Ad-Hoc|ARM.ActiveCfg = Release|Any CPU
		{709D9989-4241-4BAA-B076-84829D9FB2F8}.Ad-Hoc|ARM.Build.0 = Release|Any CPU
		{709D9989-4241-4BAA-B076-84829D9FB2F8}.Ad-Hoc|iPhone.ActiveCfg = Release|Any CPU
		{709D9989-4241-4BAA-B076-84829D9FB2F8}.Ad-Hoc|iPhone.Build.0 = Release|Any CPU
		{709D9989-4241-4BAA-B076-84829D9FB2F8}.Ad-Hoc|iPhoneSimulator.ActiveCfg = Release|Any CPU
		{709D9989-4241-4BAA-B076-84829D9FB2F8}.Ad-Hoc|iPhoneSimulator.Build.0 = Release|Any CPU
		{709D9989-4241-4BAA-B076-84829D9FB2F8}.Ad-Hoc|x64.ActiveCfg = Release|Any CPU
		{709D9989-4241-4BAA-B076-84829D9FB2F8}.Ad-Hoc|x64.Build.0 = Release|Any CPU
		{709D9989-4241-4BAA-B076-84829D9FB2F8}.Ad-Hoc|x86.ActiveCfg = Release|Any CPU
		{709D9989-4241-4BAA-B076-84829D9FB2F8}.Ad-Hoc|x86.Build.0 = Release|Any CPU
		{709D9989-4241-4BAA-B076-84829D9FB2F8}.AppStore|Any CPU.ActiveCfg = Release|Any CPU
		{709D9989-4241-4BAA-B076-84829D9FB2F8}.AppStore|Any CPU.Build.0 = Release|Any CPU
		{709D9989-4241-4BAA-B076-84829D9FB2F8}.AppStore|ARM.ActiveCfg = Release|Any CPU
		{709D9989-4241-4BAA-B076-84829D9FB2F8}.AppStore|ARM.Build.0 = Release|Any CPU
		{709D9989-4241-4BAA-B076-84829D9FB2F8}.AppStore|iPhone.ActiveCfg = Release|Any CPU
		{709D9989-4241-4BAA-B076-84829D9FB2F8}.AppStore|iPhone.Build.0 = Release|Any CPU
		{709D9989-4241-4BAA-B076-84829D9FB2F8}.AppStore|iPhoneSimulator.ActiveCfg = Release|Any CPU
		{709D9989-4241-4BAA-B076-84829D9FB2F8}.AppStore|iPhoneSimulator.Build.0 = Release|Any CPU
		{709D9989-4241-4BAA-B076-84829D9FB2F8}.AppStore|x64.ActiveCfg = Release|Any CPU
		{709D9989-4241-4BAA-B076-84829D9FB2F8}.AppStore|x64.Build.0 = Release|Any CPU
		{709D9989-4241-4BAA-B076-84829D9FB2F8}.AppStore|x86.ActiveCfg = Release|Any CPU
		{709D9989-4241-4BAA-B076-84829D9FB2F8}.AppStore|x86.Build.0 = Release|Any CPU
		{709D9989-4241-4BAA-B076-84829D9FB2F8}.Debug|Any CPU.ActiveCfg = Debug|Any CPU
		{709D9989-4241-4BAA-B076-84829D9FB2F8}.Debug|Any CPU.Build.0 = Debug|Any CPU
		{709D9989-4241-4BAA-B076-84829D9FB2F8}.Debug|ARM.ActiveCfg = Debug|Any CPU
		{709D9989-4241-4BAA-B076-84829D9FB2F8}.Debug|ARM.Build.0 = Debug|Any CPU
		{709D9989-4241-4BAA-B076-84829D9FB2F8}.Debug|iPhone.ActiveCfg = Debug|Any CPU
		{709D9989-4241-4BAA-B076-84829D9FB2F8}.Debug|iPhone.Build.0 = Debug|Any CPU
		{709D9989-4241-4BAA-B076-84829D9FB2F8}.Debug|iPhoneSimulator.ActiveCfg = Debug|Any CPU
		{709D9989-4241-4BAA-B076-84829D9FB2F8}.Debug|iPhoneSimulator.Build.0 = Debug|Any CPU
		{709D9989-4241-4BAA-B076-84829D9FB2F8}.Debug|x64.ActiveCfg = Debug|Any CPU
		{709D9989-4241-4BAA-B076-84829D9FB2F8}.Debug|x64.Build.0 = Debug|Any CPU
		{709D9989-4241-4BAA-B076-84829D9FB2F8}.Debug|x86.ActiveCfg = Debug|Any CPU
		{709D9989-4241-4BAA-B076-84829D9FB2F8}.Debug|x86.Build.0 = Debug|Any CPU
		{709D9989-4241-4BAA-B076-84829D9FB2F8}.Release|Any CPU.ActiveCfg = Release|Any CPU
		{709D9989-4241-4BAA-B076-84829D9FB2F8}.Release|Any CPU.Build.0 = Release|Any CPU
		{709D9989-4241-4BAA-B076-84829D9FB2F8}.Release|ARM.ActiveCfg = Release|Any CPU
		{709D9989-4241-4BAA-B076-84829D9FB2F8}.Release|ARM.Build.0 = Release|Any CPU
		{709D9989-4241-4BAA-B076-84829D9FB2F8}.Release|iPhone.ActiveCfg = Release|Any CPU
		{709D9989-4241-4BAA-B076-84829D9FB2F8}.Release|iPhone.Build.0 = Release|Any CPU
		{709D9989-4241-4BAA-B076-84829D9FB2F8}.Release|iPhoneSimulator.ActiveCfg = Release|Any CPU
		{709D9989-4241-4BAA-B076-84829D9FB2F8}.Release|iPhoneSimulator.Build.0 = Release|Any CPU
		{709D9989-4241-4BAA-B076-84829D9FB2F8}.Release|x64.ActiveCfg = Release|Any CPU
		{709D9989-4241-4BAA-B076-84829D9FB2F8}.Release|x64.Build.0 = Release|Any CPU
		{709D9989-4241-4BAA-B076-84829D9FB2F8}.Release|x86.ActiveCfg = Release|Any CPU
		{709D9989-4241-4BAA-B076-84829D9FB2F8}.Release|x86.Build.0 = Release|Any CPU
		{5163C45E-5052-40DB-BD5B-DCEFF939F48B}.Ad-Hoc|Any CPU.ActiveCfg = Ad-Hoc|iPhone
		{5163C45E-5052-40DB-BD5B-DCEFF939F48B}.Ad-Hoc|ARM.ActiveCfg = Ad-Hoc|iPhone
		{5163C45E-5052-40DB-BD5B-DCEFF939F48B}.Ad-Hoc|iPhone.ActiveCfg = Ad-Hoc|iPhone
		{5163C45E-5052-40DB-BD5B-DCEFF939F48B}.Ad-Hoc|iPhone.Build.0 = Ad-Hoc|iPhone
		{5163C45E-5052-40DB-BD5B-DCEFF939F48B}.Ad-Hoc|iPhoneSimulator.ActiveCfg = Ad-Hoc|iPhoneSimulator
		{5163C45E-5052-40DB-BD5B-DCEFF939F48B}.Ad-Hoc|iPhoneSimulator.Build.0 = Ad-Hoc|iPhoneSimulator
		{5163C45E-5052-40DB-BD5B-DCEFF939F48B}.Ad-Hoc|x64.ActiveCfg = Ad-Hoc|iPhone
		{5163C45E-5052-40DB-BD5B-DCEFF939F48B}.Ad-Hoc|x86.ActiveCfg = Ad-Hoc|iPhone
		{5163C45E-5052-40DB-BD5B-DCEFF939F48B}.AppStore|Any CPU.ActiveCfg = AppStore|iPhone
		{5163C45E-5052-40DB-BD5B-DCEFF939F48B}.AppStore|ARM.ActiveCfg = AppStore|iPhone
		{5163C45E-5052-40DB-BD5B-DCEFF939F48B}.AppStore|iPhone.ActiveCfg = AppStore|iPhone
		{5163C45E-5052-40DB-BD5B-DCEFF939F48B}.AppStore|iPhone.Build.0 = AppStore|iPhone
		{5163C45E-5052-40DB-BD5B-DCEFF939F48B}.AppStore|iPhoneSimulator.ActiveCfg = AppStore|iPhoneSimulator
		{5163C45E-5052-40DB-BD5B-DCEFF939F48B}.AppStore|iPhoneSimulator.Build.0 = AppStore|iPhoneSimulator
		{5163C45E-5052-40DB-BD5B-DCEFF939F48B}.AppStore|x64.ActiveCfg = AppStore|iPhone
		{5163C45E-5052-40DB-BD5B-DCEFF939F48B}.AppStore|x86.ActiveCfg = AppStore|iPhone
		{5163C45E-5052-40DB-BD5B-DCEFF939F48B}.Debug|Any CPU.ActiveCfg = Debug|iPhone
		{5163C45E-5052-40DB-BD5B-DCEFF939F48B}.Debug|ARM.ActiveCfg = Debug|iPhone
		{5163C45E-5052-40DB-BD5B-DCEFF939F48B}.Debug|iPhone.ActiveCfg = Debug|iPhone
		{5163C45E-5052-40DB-BD5B-DCEFF939F48B}.Debug|iPhone.Build.0 = Debug|iPhone
		{5163C45E-5052-40DB-BD5B-DCEFF939F48B}.Debug|iPhoneSimulator.ActiveCfg = Debug|iPhoneSimulator
		{5163C45E-5052-40DB-BD5B-DCEFF939F48B}.Debug|iPhoneSimulator.Build.0 = Debug|iPhoneSimulator
		{5163C45E-5052-40DB-BD5B-DCEFF939F48B}.Debug|x64.ActiveCfg = Debug|iPhone
		{5163C45E-5052-40DB-BD5B-DCEFF939F48B}.Debug|x86.ActiveCfg = Debug|iPhone
		{5163C45E-5052-40DB-BD5B-DCEFF939F48B}.Release|Any CPU.ActiveCfg = Release|iPhone
		{5163C45E-5052-40DB-BD5B-DCEFF939F48B}.Release|ARM.ActiveCfg = Release|iPhone
		{5163C45E-5052-40DB-BD5B-DCEFF939F48B}.Release|iPhone.ActiveCfg = Release|iPhone
		{5163C45E-5052-40DB-BD5B-DCEFF939F48B}.Release|iPhone.Build.0 = Release|iPhone
		{5163C45E-5052-40DB-BD5B-DCEFF939F48B}.Release|iPhoneSimulator.ActiveCfg = Release|iPhoneSimulator
		{5163C45E-5052-40DB-BD5B-DCEFF939F48B}.Release|iPhoneSimulator.Build.0 = Release|iPhoneSimulator
		{5163C45E-5052-40DB-BD5B-DCEFF939F48B}.Release|x64.ActiveCfg = Release|iPhone
		{5163C45E-5052-40DB-BD5B-DCEFF939F48B}.Release|x86.ActiveCfg = Release|iPhone
	EndGlobalSection
	GlobalSection(SolutionProperties) = preSolution
		HideSolutionNode = FALSE
	EndGlobalSection
	GlobalSection(NestedProjects) = preSolution
		{0F286663-BECA-40F4-B010-760CE6C3ED9B} = {35589958-B23A-48E2-ADF5-59E492CA23DB}
		{2B593F95-9A06-47AA-AEF8-AC146DBE39C5} = {35589958-B23A-48E2-ADF5-59E492CA23DB}
		{797108B2-4538-4B67-AC25-62BC0BB74F83} = {35589958-B23A-48E2-ADF5-59E492CA23DB}
		{1FC799CE-F8F3-41A2-9BE3-2867A53477C7} = {1538FEC3-E37E-4F88-B371-88EF7D92C836}
		{4EEB28C4-470E-4BBF-846E-F9EF70B5D12C} = {1538FEC3-E37E-4F88-B371-88EF7D92C836}
		{EDFC6F80-993F-4143-9245-9ED3040ECF57} = {1538FEC3-E37E-4F88-B371-88EF7D92C836}
		{771F1BA2-28C7-4E8F-A0B2-3FE490578664} = {203CC1A5-DDD5-4C28-A2EE-BCF78149D97C}
		{709D9989-4241-4BAA-B076-84829D9FB2F8} = {203CC1A5-DDD5-4C28-A2EE-BCF78149D97C}
		{5163C45E-5052-40DB-BD5B-DCEFF939F48B} = {203CC1A5-DDD5-4C28-A2EE-BCF78149D97C}
		{923CDE29-9DB1-49B5-B950-750F6595F179} = {35589958-B23A-48E2-ADF5-59E492CA23DB}
	EndGlobalSection
EndGlobal
